
Microsoft Visual Studio Solution File, Format Version 12.00
# Visual Studio Version 17
VisualStudioVersion = 17.5.33516.290
MinimumVisualStudioVersion = 10.0.40219.1
Project("{9A19103F-16F7-4668-BE54-9A1E7A4F7556}") = "SaveEditor", "SaveEditor\SaveEditor.csproj", "{C691E5E4-5EDF-4238-A572-823F19674FBD}"
EndProject
Project("{9A19103F-16F7-4668-BE54-9A1E7A4F7556}") = "SaveTools", "SaveTools\SaveTools.csproj", "{14F8265E-27C6-431C-AB48-F417DA30F297}"
EndProject
Project("{FAE04EC0-301F-11D3-BF4B-00C04F79EFBC}") = "SaveTools_Test", "SaveTools_Test\SaveTools_Test.csproj", "{F14B509E-253A-4851-8B16-5F682B3A0C88}"
EndProject
Global
	GlobalSection(SolutionConfigurationPlatforms) = preSolution
		Debug|Any CPU = Debug|Any CPU
		Release|Any CPU = Release|Any CPU
	EndGlobalSection
	GlobalSection(ProjectConfigurationPlatforms) = postSolution
		{C691E5E4-5EDF-4238-A572-823F19674FBD}.Debug|Any CPU.ActiveCfg = Debug|Any CPU
		{C691E5E4-5EDF-4238-A572-823F19674FBD}.Debug|Any CPU.Build.0 = Debug|Any CPU
		{C691E5E4-5EDF-4238-A572-823F19674FBD}.Release|Any CPU.ActiveCfg = Release|Any CPU
		{C691E5E4-5EDF-4238-A572-823F19674FBD}.Release|Any CPU.Build.0 = Release|Any CPU
		{14F8265E-27C6-431C-AB48-F417DA30F297}.Debug|Any CPU.ActiveCfg = Debug|Any CPU
		{14F8265E-27C6-431C-AB48-F417DA30F297}.Debug|Any CPU.Build.0 = Debug|Any CPU
		{14F8265E-27C6-431C-AB48-F417DA30F297}.Release|Any CPU.ActiveCfg = Release|Any CPU
		{14F8265E-27C6-431C-AB48-F417DA30F297}.Release|Any CPU.Build.0 = Release|Any CPU
		{F14B509E-253A-4851-8B16-5F682B3A0C88}.Debug|Any CPU.ActiveCfg = Debug|Any CPU
		{F14B509E-253A-4851-8B16-5F682B3A0C88}.Debug|Any CPU.Build.0 = Debug|Any CPU
		{F14B509E-253A-4851-8B16-5F682B3A0C88}.Release|Any CPU.ActiveCfg = Release|Any CPU
		{F14B509E-253A-4851-8B16-5F682B3A0C88}.Release|Any CPU.Build.0 = Release|Any CPU
	EndGlobalSection
	GlobalSection(SolutionProperties) = preSolution
		HideSolutionNode = FALSE
	EndGlobalSection
	GlobalSection(ExtensibilityGlobals) = postSolution
		SolutionGuid = {18C8F885-1A08-4F45-BAC7-50DB4AB4106B}
	EndGlobalSection
EndGlobal
